
Microsoft Visual Studio Solution File, Format Version 12.00
# Visual Studio Version 17
VisualStudioVersion = 17.7.34031.279
MinimumVisualStudioVersion = 10.0.40219.1
Project("{2150E333-8FDC-42A3-9474-1A3956D46DE8}") = "Services", "Services", "{AD8A7119-B305-48BB-A0C8-6988545EE60A}"
EndProject
Project("{2150E333-8FDC-42A3-9474-1A3956D46DE8}") = "DocumentGenerator", "DocumentGenerator", "{7D08CF64-DF35-4265-9BE2-B8007F7C8EE8}"
EndProject
Project("{E53339B2-1760-4266-BCC7-CA923CBCF16C}") = "docker-compose", "docker-compose.dcproj", "{BE964147-6F1F-45A6-AACB-76FA5EA22059}"
EndProject
Project("{2150E333-8FDC-42A3-9474-1A3956D46DE8}") = "ApiGateways", "ApiGateways", "{B53B2F4D-B8E9-4730-A63C-62A305F0BE17}"
EndProject
Project("{9A19103F-16F7-4668-BE54-9A1E7A4F7556}") = "DocumentGenerator.API", "services\DocumentGenerator\DocumentGenerator.API\DocumentGenerator.API.csproj", "{0B7ACAC8-3640-49D4-9DE9-42DF3BFE754D}"
EndProject
Global
	GlobalSection(SolutionConfigurationPlatforms) = preSolution
		Debug|Any CPU = Debug|Any CPU
		Release|Any CPU = Release|Any CPU
	EndGlobalSection
	GlobalSection(ProjectConfigurationPlatforms) = postSolution
		{BE964147-6F1F-45A6-AACB-76FA5EA22059}.Debug|Any CPU.ActiveCfg = Debug|Any CPU
		{BE964147-6F1F-45A6-AACB-76FA5EA22059}.Debug|Any CPU.Build.0 = Debug|Any CPU
		{BE964147-6F1F-45A6-AACB-76FA5EA22059}.Release|Any CPU.ActiveCfg = Release|Any CPU
		{BE964147-6F1F-45A6-AACB-76FA5EA22059}.Release|Any CPU.Build.0 = Release|Any CPU
		{0B7ACAC8-3640-49D4-9DE9-42DF3BFE754D}.Debug|Any CPU.ActiveCfg = Debug|Any CPU
		{0B7ACAC8-3640-49D4-9DE9-42DF3BFE754D}.Debug|Any CPU.Build.0 = Debug|Any CPU
		{0B7ACAC8-3640-49D4-9DE9-42DF3BFE754D}.Release|Any CPU.ActiveCfg = Release|Any CPU
		{0B7ACAC8-3640-49D4-9DE9-42DF3BFE754D}.Release|Any CPU.Build.0 = Release|Any CPU
	EndGlobalSection
	GlobalSection(SolutionProperties) = preSolution
		HideSolutionNode = FALSE
	EndGlobalSection
	GlobalSection(NestedProjects) = preSolution
		{7D08CF64-DF35-4265-9BE2-B8007F7C8EE8} = {AD8A7119-B305-48BB-A0C8-6988545EE60A}
		{0B7ACAC8-3640-49D4-9DE9-42DF3BFE754D} = {7D08CF64-DF35-4265-9BE2-B8007F7C8EE8}
	EndGlobalSection
	GlobalSection(ExtensibilityGlobals) = postSolution
		SolutionGuid = {5F405786-DAC2-4D4B-A56B-235CF2003B34}
	EndGlobalSection
EndGlobal
